
Microsoft Visual Studio Solution File, Format Version 12.00
# Visual Studio Version 17
VisualStudioVersion = 17.1.32407.343
MinimumVisualStudioVersion = 10.0.40219.1
Project("{FAE04EC0-301F-11D3-BF4B-00C04F79EFBC}") = "Modilist.MailService", "Modilist.MailService\Modilist.MailService.csproj", "{D1BCA4B4-C94A-4B50-A426-2213A2621C21}"
EndProject
Global
	GlobalSection(SolutionConfigurationPlatforms) = preSolution
		Debug|Any CPU = Debug|Any CPU
		Release|Any CPU = Release|Any CPU
	EndGlobalSection
	GlobalSection(ProjectConfigurationPlatforms) = postSolution
		{D1BCA4B4-C94A-4B50-A426-2213A2621C21}.Debug|Any CPU.ActiveCfg = Debug|Any CPU
		{D1BCA4B4-C94A-4B50-A426-2213A2621C21}.Debug|Any CPU.Build.0 = Debug|Any CPU
		{D1BCA4B4-C94A-4B50-A426-2213A2621C21}.Release|Any CPU.ActiveCfg = Release|Any CPU
		{D1BCA4B4-C94A-4B50-A426-2213A2621C21}.Release|Any CPU.Build.0 = Release|Any CPU
	EndGlobalSection
	GlobalSection(SolutionProperties) = preSolution
		HideSolutionNode = FALSE
	EndGlobalSection
	GlobalSection(ExtensibilityGlobals) = postSolution
		SolutionGuid = {A5972276-08AD-4973-A5BB-1608A6BE55C1}
	EndGlobalSection
EndGlobal
