
Microsoft Visual Studio Solution File, Format Version 12.00
# Visual Studio Version 17
VisualStudioVersion = 17.1.32407.343
MinimumVisualStudioVersion = 10.0.40219.1
Project("{2150E333-8FDC-42A3-9474-1A3956D46DE8}") = "App", "App", "{113BC644-B57A-44AC-9717-978656D8058C}"
EndProject
Project("{9A19103F-16F7-4668-BE54-9A1E7A4F7556}") = "Modilist.API", "Modilist.API\Modilist.API.csproj", "{8C3E06F4-140C-485E-A615-D15FC8D20F1E}"
EndProject
Project("{2150E333-8FDC-42A3-9474-1A3956D46DE8}") = "Business", "Business", "{64228BCA-3926-4AD7-B8E7-1972727D4C88}"
EndProject
Project("{2150E333-8FDC-42A3-9474-1A3956D46DE8}") = "Data", "Data", "{4F2DD893-F46A-4EB2-A9FB-DF17CC183AC6}"
EndProject
Project("{2150E333-8FDC-42A3-9474-1A3956D46DE8}") = "Domains", "Domains", "{34C78D67-4FA4-4C9C-A6D6-7AFC4EA43027}"
EndProject
Project("{2150E333-8FDC-42A3-9474-1A3956D46DE8}") = "Infrastructure", "Infrastructure", "{91F2945B-7594-459B-87D7-DE2CE40860A9}"
EndProject
Project("{9A19103F-16F7-4668-BE54-9A1E7A4F7556}") = "Modilist.Business", "Modilist.Business\Modilist.Business.csproj", "{03A08AB1-8C9A-4D1E-A4D0-3D0D93B7F828}"
EndProject
Project("{9A19103F-16F7-4668-BE54-9A1E7A4F7556}") = "Modilist.Business.Seed", "Modilist.Business.Seed\Modilist.Business.Seed.csproj", "{3069CA70-E8AA-4EDD-A07F-A9697101E216}"
EndProject
Project("{9A19103F-16F7-4668-BE54-9A1E7A4F7556}") = "Modilist.Data", "Modilist.Data\Modilist.Data.csproj", "{432387C5-393F-411B-9857-919E32115B20}"
EndProject
Project("{9A19103F-16F7-4668-BE54-9A1E7A4F7556}") = "Modilist.Infrastructure.Shared", "Modilist.Infrastructure.Shared\Modilist.Infrastructure.Shared.csproj", "{7D7828D0-4652-41BF-873B-80319A4075D7}"
EndProject
Project("{9A19103F-16F7-4668-BE54-9A1E7A4F7556}") = "Modilist.Business.Utils", "Modilist.Business.Utils\Modilist.Business.Utils.csproj", "{EC761C2E-5B22-4E19-926A-B6CB01D33FBF}"
EndProject
Project("{9A19103F-16F7-4668-BE54-9A1E7A4F7556}") = "Modilist.Domains", "Modilist.Domains\Modilist.Domains.csproj", "{DB3AFA6C-8C0B-4418-AD9A-55A14E18B5AF}"
EndProject
Project("{FAE04EC0-301F-11D3-BF4B-00C04F79EFBC}") = "Modilist.Functions.ScheduledJobs", "Modilist.Functions.ScheduledJobs\Modilist.Functions.ScheduledJobs.csproj", "{93812748-0CD4-4B91-89F2-D98C4AC7430F}"
EndProject
Global
	GlobalSection(SolutionConfigurationPlatforms) = preSolution
		Debug|Any CPU = Debug|Any CPU
		Release|Any CPU = Release|Any CPU
	EndGlobalSection
	GlobalSection(ProjectConfigurationPlatforms) = postSolution
		{8C3E06F4-140C-485E-A615-D15FC8D20F1E}.Debug|Any CPU.ActiveCfg = Debug|Any CPU
		{8C3E06F4-140C-485E-A615-D15FC8D20F1E}.Debug|Any CPU.Build.0 = Debug|Any CPU
		{8C3E06F4-140C-485E-A615-D15FC8D20F1E}.Release|Any CPU.ActiveCfg = Release|Any CPU
		{8C3E06F4-140C-485E-A615-D15FC8D20F1E}.Release|Any CPU.Build.0 = Release|Any CPU
		{03A08AB1-8C9A-4D1E-A4D0-3D0D93B7F828}.Debug|Any CPU.ActiveCfg = Debug|Any CPU
		{03A08AB1-8C9A-4D1E-A4D0-3D0D93B7F828}.Debug|Any CPU.Build.0 = Debug|Any CPU
		{03A08AB1-8C9A-4D1E-A4D0-3D0D93B7F828}.Release|Any CPU.ActiveCfg = Release|Any CPU
		{03A08AB1-8C9A-4D1E-A4D0-3D0D93B7F828}.Release|Any CPU.Build.0 = Release|Any CPU
		{3069CA70-E8AA-4EDD-A07F-A9697101E216}.Debug|Any CPU.ActiveCfg = Debug|Any CPU
		{3069CA70-E8AA-4EDD-A07F-A9697101E216}.Debug|Any CPU.Build.0 = Debug|Any CPU
		{3069CA70-E8AA-4EDD-A07F-A9697101E216}.Release|Any CPU.ActiveCfg = Release|Any CPU
		{3069CA70-E8AA-4EDD-A07F-A9697101E216}.Release|Any CPU.Build.0 = Release|Any CPU
		{432387C5-393F-411B-9857-919E32115B20}.Debug|Any CPU.ActiveCfg = Debug|Any CPU
		{432387C5-393F-411B-9857-919E32115B20}.Debug|Any CPU.Build.0 = Debug|Any CPU
		{432387C5-393F-411B-9857-919E32115B20}.Release|Any CPU.ActiveCfg = Release|Any CPU
		{432387C5-393F-411B-9857-919E32115B20}.Release|Any CPU.Build.0 = Release|Any CPU
		{7D7828D0-4652-41BF-873B-80319A4075D7}.Debug|Any CPU.ActiveCfg = Debug|Any CPU
		{7D7828D0-4652-41BF-873B-80319A4075D7}.Debug|Any CPU.Build.0 = Debug|Any CPU
		{7D7828D0-4652-41BF-873B-80319A4075D7}.Release|Any CPU.ActiveCfg = Release|Any CPU
		{7D7828D0-4652-41BF-873B-80319A4075D7}.Release|Any CPU.Build.0 = Release|Any CPU
		{EC761C2E-5B22-4E19-926A-B6CB01D33FBF}.Debug|Any CPU.ActiveCfg = Debug|Any CPU
		{EC761C2E-5B22-4E19-926A-B6CB01D33FBF}.Debug|Any CPU.Build.0 = Debug|Any CPU
		{EC761C2E-5B22-4E19-926A-B6CB01D33FBF}.Release|Any CPU.ActiveCfg = Release|Any CPU
		{EC761C2E-5B22-4E19-926A-B6CB01D33FBF}.Release|Any CPU.Build.0 = Release|Any CPU
		{DB3AFA6C-8C0B-4418-AD9A-55A14E18B5AF}.Debug|Any CPU.ActiveCfg = Debug|Any CPU
		{DB3AFA6C-8C0B-4418-AD9A-55A14E18B5AF}.Debug|Any CPU.Build.0 = Debug|Any CPU
		{DB3AFA6C-8C0B-4418-AD9A-55A14E18B5AF}.Release|Any CPU.ActiveCfg = Release|Any CPU
		{DB3AFA6C-8C0B-4418-AD9A-55A14E18B5AF}.Release|Any CPU.Build.0 = Release|Any CPU
		{93812748-0CD4-4B91-89F2-D98C4AC7430F}.Debug|Any CPU.ActiveCfg = Debug|Any CPU
		{93812748-0CD4-4B91-89F2-D98C4AC7430F}.Debug|Any CPU.Build.0 = Debug|Any CPU
		{93812748-0CD4-4B91-89F2-D98C4AC7430F}.Release|Any CPU.ActiveCfg = Release|Any CPU
		{93812748-0CD4-4B91-89F2-D98C4AC7430F}.Release|Any CPU.Build.0 = Release|Any CPU
	EndGlobalSection
	GlobalSection(SolutionProperties) = preSolution
		HideSolutionNode = FALSE
	EndGlobalSection
	GlobalSection(NestedProjects) = preSolution
		{8C3E06F4-140C-485E-A615-D15FC8D20F1E} = {113BC644-B57A-44AC-9717-978656D8058C}
		{03A08AB1-8C9A-4D1E-A4D0-3D0D93B7F828} = {64228BCA-3926-4AD7-B8E7-1972727D4C88}
		{3069CA70-E8AA-4EDD-A07F-A9697101E216} = {64228BCA-3926-4AD7-B8E7-1972727D4C88}
		{432387C5-393F-411B-9857-919E32115B20} = {4F2DD893-F46A-4EB2-A9FB-DF17CC183AC6}
		{7D7828D0-4652-41BF-873B-80319A4075D7} = {91F2945B-7594-459B-87D7-DE2CE40860A9}
		{EC761C2E-5B22-4E19-926A-B6CB01D33FBF} = {64228BCA-3926-4AD7-B8E7-1972727D4C88}
		{DB3AFA6C-8C0B-4418-AD9A-55A14E18B5AF} = {34C78D67-4FA4-4C9C-A6D6-7AFC4EA43027}
		{93812748-0CD4-4B91-89F2-D98C4AC7430F} = {113BC644-B57A-44AC-9717-978656D8058C}
	EndGlobalSection
	GlobalSection(ExtensibilityGlobals) = postSolution
		SolutionGuid = {8A7FE135-FD7A-4E36-A821-2299B267F86E}
	EndGlobalSection
EndGlobal
